
Microsoft Visual Studio Solution File, Format Version 12.00
# Visual Studio Version 17
VisualStudioVersion = 17.7.34031.279
MinimumVisualStudioVersion = 10.0.40219.1
Project("{FAE04EC0-301F-11D3-BF4B-00C04F79EFBC}") = "WebApplication1", "WebApplication1.csproj", "{ADE71A5C-54FE-45CD-86AA-C19B2D4359ED}"
EndProject
Global
	GlobalSection(SolutionConfigurationPlatforms) = preSolution
		Debug|Any CPU = Debug|Any CPU
		Release|Any CPU = Release|Any CPU
	EndGlobalSection
	GlobalSection(ProjectConfigurationPlatforms) = postSolution
		{ADE71A5C-54FE-45CD-86AA-C19B2D4359ED}.Debug|Any CPU.ActiveCfg = Debug|Any CPU
		{ADE71A5C-54FE-45CD-86AA-C19B2D4359ED}.Debug|Any CPU.Build.0 = Debug|Any CPU
		{ADE71A5C-54FE-45CD-86AA-C19B2D4359ED}.Release|Any CPU.ActiveCfg = Release|Any CPU
		{ADE71A5C-54FE-45CD-86AA-C19B2D4359ED}.Release|Any CPU.Build.0 = Release|Any CPU
	EndGlobalSection
	GlobalSection(SolutionProperties) = preSolution
		HideSolutionNode = FALSE
	EndGlobalSection
	GlobalSection(ExtensibilityGlobals) = postSolution
		SolutionGuid = {04BD18BE-C8A2-4158-AD78-C4F826A40090}
	EndGlobalSection
EndGlobal
